// !$*UTF8*$!
{
	archiveVersion = 1;
	classes = {
	};
	objectVersion = 50;
	objects = {

/* Begin PBXBuildFile section */
		F4F442DD220CFF9C000A45C1 /* AppDelegate.m in Sources */ = {isa = PBXBuildFile; fileRef = F4F442DC220CFF9C000A45C1 /* AppDelegate.m */; };
		F4F442E0220CFF9C000A45C1 /* DocumentBrowserViewController.m in Sources */ = {isa = PBXBuildFile; fileRef = F4F442DF220CFF9C000A45C1 /* DocumentBrowserViewController.m */; };
		F4F442E3220CFF9C000A45C1 /* DocumentViewController.m in Sources */ = {isa = PBXBuildFile; fileRef = F4F442E2220CFF9C000A45C1 /* DocumentViewController.m */; };
		F4F442E6220CFF9C000A45C1 /* Document.m in Sources */ = {isa = PBXBuildFile; fileRef = F4F442E5220CFF9C000A45C1 /* Document.m */; };
		F4F442E9220CFF9C000A45C1 /* Main.storyboard in Resources */ = {isa = PBXBuildFile; fileRef = F4F442E7220CFF9C000A45C1 /* Main.storyboard */; };
		F4F442EB220CFF9D000A45C1 /* Assets.xcassets in Resources */ = {isa = PBXBuildFile; fileRef = F4F442EA220CFF9D000A45C1 /* Assets.xcassets */; };
		F4F442EE220CFF9D000A45C1 /* LaunchScreen.storyboard in Resources */ = {isa = PBXBuildFile; fileRef = F4F442EC220CFF9D000A45C1 /* LaunchScreen.storyboard */; };
		F4F442F1220CFF9D000A45C1 /* main.m in Sources */ = {isa = PBXBuildFile; fileRef = F4F442F0220CFF9D000A45C1 /* main.m */; };
		F4F442F8220CFFF8000A45C1 /* README.md in Resources */ = {isa = PBXBuildFile; fileRef = F4F442F7220CFFF8000A45C1 /* README.md */; };
		F4F442FA220D0425000A45C1 /* File.rtf in Resources */ = {isa = PBXBuildFile; fileRef = F4F442F9220D0425000A45C1 /* File.rtf */; };
/* End PBXBuildFile section */

/* Begin PBXFileReference section */
		F4F442D8220CFF9C000A45C1 /* YeWang.app */ = {isa = PBXFileReference; explicitFileType = wrapper.application; includeInIndex = 0; path = YeWang.app; sourceTree = BUILT_PRODUCTS_DIR; };
		F4F442DB220CFF9C000A45C1 /* AppDelegate.h */ = {isa = PBXFileReference; lastKnownFileType = sourcecode.c.h; path = AppDelegate.h; sourceTree = "<group>"; };
		F4F442DC220CFF9C000A45C1 /* AppDelegate.m */ = {isa = PBXFileReference; lastKnownFileType = sourcecode.c.objc; path = AppDelegate.m; sourceTree = "<group>"; };
		F4F442DE220CFF9C000A45C1 /* DocumentBrowserViewController.h */ = {isa = PBXFileReference; lastKnownFileType = sourcecode.c.h; path = DocumentBrowserViewController.h; sourceTree = "<group>"; };
		F4F442DF220CFF9C000A45C1 /* DocumentBrowserViewController.m */ = {isa = PBXFileReference; lastKnownFileType = sourcecode.c.objc; path = DocumentBrowserViewController.m; sourceTree = "<group>"; };
		F4F442E1220CFF9C000A45C1 /* DocumentViewController.h */ = {isa = PBXFileReference; lastKnownFileType = sourcecode.c.h; path = DocumentViewController.h; sourceTree = "<group>"; };
		F4F442E2220CFF9C000A45C1 /* DocumentViewController.m */ = {isa = PBXFileReference; lastKnownFileType = sourcecode.c.objc; path = DocumentViewController.m; sourceTree = "<group>"; };
		F4F442E4220CFF9C000A45C1 /* Document.h */ = {isa = PBXFileReference; lastKnownFileType = sourcecode.c.h; path = Document.h; sourceTree = "<group>"; };
		F4F442E5220CFF9C000A45C1 /* Document.m */ = {isa = PBXFileReference; lastKnownFileType = sourcecode.c.objc; path = Document.m; sourceTree = "<group>"; };
		F4F442E8220CFF9C000A45C1 /* Base */ = {isa = PBXFileReference; lastKnownFileType = file.storyboard; name = Base; path = Base.lproj/Main.storyboard; sourceTree = "<group>"; };
		F4F442EA220CFF9D000A45C1 /* Assets.xcassets */ = {isa = PBXFileReference; lastKnownFileType = folder.assetcatalog; path = Assets.xcassets; sourceTree = "<group>"; };
		F4F442ED220CFF9D000A45C1 /* Base */ = {isa = PBXFileReference; lastKnownFileType = file.storyboard; name = Base; path = Base.lproj/LaunchScreen.storyboard; sourceTree = "<group>"; };
		F4F442EF220CFF9D000A45C1 /* Info.plist */ = {isa = PBXFileReference; lastKnownFileType = text.plist.xml; path = Info.plist; sourceTree = "<group>"; };
		F4F442F0220CFF9D000A45C1 /* main.m */ = {isa = PBXFileReference; lastKnownFileType = sourcecode.c.objc; path = main.m; sourceTree = "<group>"; };
		F4F442F7220CFFF8000A45C1 /* README.md */ = {isa = PBXFileReference; lastKnownFileType = net.daringfireball.markdown; path = README.md; sourceTree = "<group>"; };
		F4F442F9220D0425000A45C1 /* File.rtf */ = {isa = PBXFileReference; lastKnownFileType = text.rtf; path = File.rtf; sourceTree = SOURCE_ROOT; };
		F4F442FB220D048B000A45C1 /* MustKnown.md */ = {isa = PBXFileReference; lastKnownFileType = net.daringfireball.markdown; path = MustKnown.md; sourceTree = "<group>"; };
/* End PBXFileReference section */

/* Begin PBXFrameworksBuildPhase section */
		F4F442D5220CFF9C000A45C1 /* Frameworks */ = {
			isa = PBXFrameworksBuildPhase;
			buildActionMask = 2147483647;
			files = (
			);
			runOnlyForDeploymentPostprocessing = 0;
		};
/* End PBXFrameworksBuildPhase section */

/* Begin PBXGroup section */
		F4F442CF220CFF9C000A45C1 = {
			isa = PBXGroup;
			children = (
				F4F442DA220CFF9C000A45C1 /* YeWang */,
				F4F442D9220CFF9C000A45C1 /* Products */,
			);
			sourceTree = "<group>";
		};
		F4F442D9220CFF9C000A45C1 /* Products */ = {
			isa = PBXGroup;
			children = (
				F4F442D8220CFF9C000A45C1 /* YeWang.app */,
			);
			name = Products;
			sourceTree = "<group>";
		};
		F4F442DA220CFF9C000A45C1 /* YeWang */ = {
			isa = PBXGroup;
			children = (
				F4F442DB220CFF9C000A45C1 /* AppDelegate.h */,
				F4F442DC220CFF9C000A45C1 /* AppDelegate.m */,
				F4F442DE220CFF9C000A45C1 /* DocumentBrowserViewController.h */,
				F4F442DF220CFF9C000A45C1 /* DocumentBrowserViewController.m */,
				F4F442E1220CFF9C000A45C1 /* DocumentViewController.h */,
				F4F442E2220CFF9C000A45C1 /* DocumentViewController.m */,
				F4F442E4220CFF9C000A45C1 /* Document.h */,
				F4F442E5220CFF9C000A45C1 /* Document.m */,
				F4F442F9220D0425000A45C1 /* File.rtf */,
				F4F442F7220CFFF8000A45C1 /* README.md */,
				F4F442FB220D048B000A45C1 /* MustKnown.md */,
				F4F442E7220CFF9C000A45C1 /* Main.storyboard */,
				F4F442EA220CFF9D000A45C1 /* Assets.xcassets */,
				F4F442EC220CFF9D000A45C1 /* LaunchScreen.storyboard */,
				F4F442EF220CFF9D000A45C1 /* Info.plist */,
				F4F442F0220CFF9D000A45C1 /* main.m */,
			);
			path = YeWang;
			sourceTree = "<group>";
		};
/* End PBXGroup section */

/* Begin PBXNativeTarget section */
		F4F442D7220CFF9C000A45C1 /* YeWang */ = {
			isa = PBXNativeTarget;
			buildConfigurationList = F4F442F4220CFF9D000A45C1 /* Build configuration list for PBXNativeTarget "YeWang" */;
			buildPhases = (
				F4F442D4220CFF9C000A45C1 /* Sources */,
				F4F442D5220CFF9C000A45C1 /* Frameworks */,
				F4F442D6220CFF9C000A45C1 /* Resources */,
			);
			buildRules = (
			);
			dependencies = (
			);
			name = YeWang;
			productName = YeWang;
			productReference = F4F442D8220CFF9C000A45C1 /* YeWang.app */;
			productType = "com.apple.product-type.application";
		};
/* End PBXNativeTarget section */

/* Begin PBXProject section */
		F4F442D0220CFF9C000A45C1 /* Project object */ = {
			isa = PBXProject;
			attributes = {
				LastUpgradeCheck = 1010;
				ORGANIZATIONNAME = WX;
				TargetAttributes = {
					F4F442D7220CFF9C000A45C1 = {
						CreatedOnToolsVersion = 10.1;
					};
				};
			};
			buildConfigurationList = F4F442D3220CFF9C000A45C1 /* Build configuration list for PBXProject "YeWang" */;
			compatibilityVersion = "Xcode 9.3";
			developmentRegion = en;
			hasScannedForEncodings = 0;
			knownRegions = (
				en,
				Base,
			);
			mainGroup = F4F442CF220CFF9C000A45C1;
			productRefGroup = F4F442D9220CFF9C000A45C1 /* Products */;
			projectDirPath = "";
			projectRoot = "";
			targets = (
				F4F442D7220CFF9C000A45C1 /* YeWang */,
			);
		};
/* End PBXProject section */

/* Begin PBXResourcesBuildPhase section */
		F4F442D6220CFF9C000A45C1 /* Resources */ = {
			isa = PBXResourcesBuildPhase;
			buildActionMask = 2147483647;
			files = (
				F4F442FA220D0425000A45C1 /* File.rtf in Resources */,
				F4F442EE220CFF9D000A45C1 /* LaunchScreen.storyboard in Resources */,
				F4F442EB220CFF9D000A45C1 /* Assets.xcassets in Resources */,
				F4F442F8220CFFF8000A45C1 /* README.md in Resources */,
				F4F442E9220CFF9C000A45C1 /* Main.storyboard in Resources */,
			);
			runOnlyForDeploymentPostprocessing = 0;
		};
/* End PBXResourcesBuildPhase section */

/* Begin PBXSourcesBuildPhase section */
		F4F442D4220CFF9C000A45C1 /* Sources */ = {
			isa = PBXSourcesBuildPhase;
			buildActionMask = 2147483647;
			files = (
				F4F442F1220CFF9D000A45C1 /* main.m in Sources */,
				F4F442E6220CFF9C000A45C1 /* Document.m in Sources */,
				F4F442E0220CFF9C000A45C1 /* DocumentBrowserViewController.m in Sources */,
				F4F442E3220CFF9C000A45C1 /* DocumentViewController.m in Sources */,
				F4F442DD220CFF9C000A45C1 /* AppDelegate.m in Sources */,
			);
			runOnlyForDeploymentPostprocessing = 0;
		};
/* End PBXSourcesBuildPhase section */

/* Begin PBXVariantGroup section */
		F4F442E7220CFF9C000A45C1 /* Main.storyboard */ = {
			isa = PBXVariantGroup;
			children = (
				F4F442E8220CFF9C000A45C1 /* Base */,
			);
			name = Main.storyboard;
			sourceTree = "<group>";
		};
		F4F442EC220CFF9D000A45C1 /* LaunchScreen.storyboard */ = {
			isa = PBXVariantGroup;
			children = (
				F4F442ED220CFF9D000A45C1 /* Base */,
			);
			name = LaunchScreen.storyboard;
			sourceTree = "<group>";
		};
/* End PBXVariantGroup section */

/* Begin XCBuildConfiguration section */
		F4F442F2220CFF9D000A45C1 /* Debug */ = {
			isa = XCBuildConfiguration;
			buildSettings = {
				ALWAYS_SEARCH_USER_PATHS = NO;
				CLANG_ANALYZER_NONNULL = YES;
				CLANG_ANALYZER_NUMBER_OBJECT_CONVERSION = YES_AGGRESSIVE;
				CLANG_CXX_LANGUAGE_STANDARD = "gnu++14";
				CLANG_CXX_LIBRARY = "libc++";
				CLANG_ENABLE_MODULES = YES;
				CLANG_ENABLE_OBJC_ARC = YES;
				CLANG_ENABLE_OBJC_WEAK = YES;
				CLANG_WARN_BLOCK_CAPTURE_AUTORELEASING = YES;
				CLANG_WARN_BOOL_CONVERSION = YES;
				CLANG_WARN_COMMA = YES;
				CLANG_WARN_CONSTANT_CONVERSION = YES;
				CLANG_WARN_DEPRECATED_OBJC_IMPLEMENTATIONS = YES;
				CLANG_WARN_DIRECT_OBJC_ISA_USAGE = YES_ERROR;
				CLANG_WARN_DOCUMENTATION_COMMENTS = YES;
				CLANG_WARN_EMPTY_BODY = YES;
				CLANG_WARN_ENUM_CONVERSION = YES;
				CLANG_WARN_INFINITE_RECURSION = YES;
				CLANG_WARN_INT_CONVERSION = YES;
				CLANG_WARN_NON_LITERAL_NULL_CONVERSION = YES;
				CLANG_WARN_OBJC_IMPLICIT_RETAIN_SELF = YES;
				CLANG_WARN_OBJC_LITERAL_CONVERSION = YES;
				CLANG_WARN_OBJC_ROOT_CLASS = YES_ERROR;
				CLANG_WARN_RANGE_LOOP_ANALYSIS = YES;
				CLANG_WARN_STRICT_PROTOTYPES = YES;
				CLANG_WARN_SUSPICIOUS_MOVE = YES;
				CLANG_WARN_UNGUARDED_AVAILABILITY = YES_AGGRESSIVE;
				CLANG_WARN_UNREACHABLE_CODE = YES;
				CLANG_WARN__DUPLICATE_METHOD_MATCH = YES;
				CODE_SIGN_IDENTITY = "iPhone Developer";
				COPY_PHASE_STRIP = NO;
				DEBUG_INFORMATION_FORMAT = dwarf;
				ENABLE_STRICT_OBJC_MSGSEND = YES;
				ENABLE_TESTABILITY = YES;
				GCC_C_LANGUAGE_STANDARD = gnu11;
				GCC_DYNAMIC_NO_PIC = NO;
				GCC_NO_COMMON_BLOCKS = YES;
				GCC_OPTIMIZATION_LEVEL = 0;
				GCC_PREPROCESSOR_DEFINITIONS = (
					"DEBUG=1",
					"$(inherited)",
				);
				GCC_WARN_64_TO_32_BIT_CONVERSION = YES;
				GCC_WARN_ABOUT_RETURN_TYPE = YES_ERROR;
				GCC_WARN_UNDECLARED_SELECTOR = YES;
				GCC_WARN_UNINITIALIZED_AUTOS = YES_AGGRESSIVE;
				GCC_WARN_UNUSED_FUNCTION = YES;
				GCC_WARN_UNUSED_VARIABLE = YES;
				IPHONEOS_DEPLOYMENT_TARGET = 12.1;
				MTL_ENABLE_DEBUG_INFO = INCLUDE_SOURCE;
				MTL_FAST_MATH = YES;
				ONLY_ACTIVE_ARCH = YES;
				SDKROOT = iphoneos;
			};
			name = Debug;
		};
		F4F442F3220CFF9D000A45C1 /* Release */ = {
			isa = XCBuildConfiguration;
			buildSettings = {
				ALWAYS_SEARCH_USER_PATHS = NO;
				CLANG_ANALYZER_NONNULL = YES;
				CLANG_ANALYZER_NUMBER_OBJECT_CONVERSION = YES_AGGRESSIVE;
				CLANG_CXX_LANGUAGE_STANDARD = "gnu++14";
				CLANG_CXX_LIBRARY = "libc++";
				CLANG_ENABLE_MODULES = YES;
				CLANG_ENABLE_OBJC_ARC = YES;
				CLANG_ENABLE_OBJC_WEAK = YES;
				CLANG_WARN_BLOCK_CAPTURE_AUTORELEASING = YES;
				CLANG_WARN_BOOL_CONVERSION = YES;
				CLANG_WARN_COMMA = YES;
				CLANG_WARN_CONSTANT_CONVERSION = YES;
				CLANG_WARN_DEPRECATED_OBJC_IMPLEMENTATIONS = YES;
				CLANG_WARN_DIRECT_OBJC_ISA_USAGE = YES_ERROR;
				CLANG_WARN_DOCUMENTATION_COMMENTS = YES;
				CLANG_WARN_EMPTY_BODY = YES;
				CLANG_WARN_ENUM_CONVERSION = YES;
				CLANG_WARN_INFINITE_RECURSION = YES;
				CLANG_WARN_INT_CONVERSION = YES;
				CLANG_WARN_NON_LITERAL_NULL_CONVERSION = YES;
				CLANG_WARN_OBJC_IMPLICIT_RETAIN_SELF = YES;
				CLANG_WARN_OBJC_LITERAL_CONVERSION = YES;
				CLANG_WARN_OBJC_ROOT_CLASS = YES_ERROR;
				CLANG_WARN_RANGE_LOOP_ANALYSIS = YES;
				CLANG_WARN_STRICT_PROTOTYPES = YES;
				CLANG_WARN_SUSPICIOUS_MOVE = YES;
				CLANG_WARN_UNGUARDED_AVAILABILITY = YES_AGGRESSIVE;
				CLANG_WARN_UNREACHABLE_CODE = YES;
				CLANG_WARN__DUPLICATE_METHOD_MATCH = YES;
				CODE_SIGN_IDENTITY = "iPhone Developer";
				COPY_PHASE_STRIP = NO;
				DEBUG_INFORMATION_FORMAT = "dwarf-with-dsym";
				ENABLE_NS_ASSERTIONS = NO;
				ENABLE_STRICT_OBJC_MSGSEND = YES;
				GCC_C_LANGUAGE_STANDARD = gnu11;
				GCC_NO_COMMON_BLOCKS = YES;
				GCC_WARN_64_TO_32_BIT_CONVERSION = YES;
				GCC_WARN_ABOUT_RETURN_TYPE = YES_ERROR;
				GCC_WARN_UNDECLARED_SELECTOR = YES;
				GCC_WARN_UNINITIALIZED_AUTOS = YES_AGGRESSIVE;
				GCC_WARN_UNUSED_FUNCTION = YES;
				GCC_WARN_UNUSED_VARIABLE = YES;
				IPHONEOS_DEPLOYMENT_TARGET = 12.1;
				MTL_ENABLE_DEBUG_INFO = NO;
				MTL_FAST_MATH = YES;
				SDKROOT = iphoneos;
				VALIDATE_PRODUCT = YES;
			};
			name = Release;
		};
		F4F442F5220CFF9D000A45C1 /* Debug */ = {
			isa = XCBuildConfiguration;
			buildSettings = {
				ASSETCATALOG_COMPILER_APPICON_NAME = AppIcon;
				CODE_SIGN_STYLE = Automatic;
				DEVELOPMENT_TEAM = QE52XQUB7T;
				INFOPLIST_FILE = YeWang/Info.plist;
				LD_RUNPATH_SEARCH_PATHS = (
					"$(inherited)",
					"@executable_path/Frameworks",
				);
				PRODUCT_BUNDLE_IDENTIFIER = com.weixian.YeWang;
				PRODUCT_NAME = "$(TARGET_NAME)";
				TARGETED_DEVICE_FAMILY = "1,2";
			};
			name = Debug;
		};
		F4F442F6220CFF9D000A45C1 /* Release */ = {
			isa = XCBuildConfiguration;
			buildSettings = {
				ASSETCATALOG_COMPILER_APPICON_NAME = AppIcon;
				CODE_SIGN_STYLE = Automatic;
				DEVELOPMENT_TEAM = QE52XQUB7T;
				INFOPLIST_FILE = YeWang/Info.plist;
				LD_RUNPATH_SEARCH_PATHS = (
					"$(inherited)",
					"@executable_path/Frameworks",
				);
				PRODUCT_BUNDLE_IDENTIFIER = com.weixian.YeWang;
				PRODUCT_NAME = "$(TARGET_NAME)";
				TARGETED_DEVICE_FAMILY = "1,2";
			};
			name = Release;
		};
/* End XCBuildConfiguration section */

/* Begin XCConfigurationList section */
		F4F442D3220CFF9C000A45C1 /* Build configuration list for PBXProject "YeWang" */ = {
			isa = XCConfigurationList;
			buildConfigurations = (
				F4F442F2220CFF9D000A45C1 /* Debug */,
				F4F442F3220CFF9D000A45C1 /* Release */,
			);
			defaultConfigurationIsVisible = 0;
			defaultConfigurationName = Release;
		};
		F4F442F4220CFF9D000A45C1 /* Build configuration list for PBXNativeTarget "YeWang" */ = {
			isa = XCConfigurationList;
			buildConfigurations = (
				F4F442F5220CFF9D000A45C1 /* Debug */,
				F4F442F6220CFF9D000A45C1 /* Release */,
			);
			defaultConfigurationIsVisible = 0;
			defaultConfigurationName = Release;
		};
/* End XCConfigurationList section */
	};
	rootObject = F4F442D0220CFF9C000A45C1 /* Project object */;
}
